
Microsoft Visual Studio Solution File, Format Version 12.00
# Visual Studio Version 16
VisualStudioVersion = 16.0.29409.12
MinimumVisualStudioVersion = 10.0.40219.1
Project("{FAE04EC0-301F-11D3-BF4B-00C04F79EFBC}") = "ndThreadTests", "ndThreadTests\ndThreadTests.csproj", "{05CC253B-DE89-4ACD-8E35-30BC45ABBF4F}"
EndProject
Project("{FAE04EC0-301F-11D3-BF4B-00C04F79EFBC}") = "RestClientD", "RestClientD\RestClientD.csproj", "{568357C4-1571-4C06-9D11-B9815706A288}"
EndProject
Global
	GlobalSection(SolutionConfigurationPlatforms) = preSolution
		Debug|Any CPU = Debug|Any CPU
		Release|Any CPU = Release|Any CPU
	EndGlobalSection
	GlobalSection(ProjectConfigurationPlatforms) = postSolution
		{05CC253B-DE89-4ACD-8E35-30BC45ABBF4F}.Debug|Any CPU.ActiveCfg = Debug|Any CPU
		{05CC253B-DE89-4ACD-8E35-30BC45ABBF4F}.Debug|Any CPU.Build.0 = Debug|Any CPU
		{05CC253B-DE89-4ACD-8E35-30BC45ABBF4F}.Release|Any CPU.ActiveCfg = Release|Any CPU
		{05CC253B-DE89-4ACD-8E35-30BC45ABBF4F}.Release|Any CPU.Build.0 = Release|Any CPU
		{568357C4-1571-4C06-9D11-B9815706A288}.Debug|Any CPU.ActiveCfg = Debug|Any CPU
		{568357C4-1571-4C06-9D11-B9815706A288}.Debug|Any CPU.Build.0 = Debug|Any CPU
		{568357C4-1571-4C06-9D11-B9815706A288}.Release|Any CPU.ActiveCfg = Release|Any CPU
		{568357C4-1571-4C06-9D11-B9815706A288}.Release|Any CPU.Build.0 = Release|Any CPU
	EndGlobalSection
	GlobalSection(SolutionProperties) = preSolution
		HideSolutionNode = FALSE
	EndGlobalSection
	GlobalSection(ExtensibilityGlobals) = postSolution
		SolutionGuid = {A8A579C9-D1EA-4BB7-A488-9E61E49B90E3}
	EndGlobalSection
EndGlobal
